// !$*UTF8*$!
{
	archiveVersion = 1;
	classes = {
	};
	objectVersion = 50;
	objects = {

/* Begin PBXBuildFile section */
		8AE38D892118035700BDC5ED /* AppDelegate.swift in Sources */ = {isa = PBXBuildFile; fileRef = 8AE38D882118035700BDC5ED /* AppDelegate.swift */; };
		8AE38D8B2118035700BDC5ED /* ViewController.swift in Sources */ = {isa = PBXBuildFile; fileRef = 8AE38D8A2118035700BDC5ED /* ViewController.swift */; };
		8AE38D8E2118035700BDC5ED /* Main.storyboard in Resources */ = {isa = PBXBuildFile; fileRef = 8AE38D8C2118035700BDC5ED /* Main.storyboard */; };
		8AE38D902118035800BDC5ED /* Assets.xcassets in Resources */ = {isa = PBXBuildFile; fileRef = 8AE38D8F2118035800BDC5ED /* Assets.xcassets */; };
		8AE38D932118035800BDC5ED /* LaunchScreen.storyboard in Resources */ = {isa = PBXBuildFile; fileRef = 8AE38D912118035800BDC5ED /* LaunchScreen.storyboard */; };
		8AE38D9E2118035900BDC5ED /* WeatherForecastTests.swift in Sources */ = {isa = PBXBuildFile; fileRef = 8AE38D9D2118035900BDC5ED /* WeatherForecastTests.swift */; };
		8AE38DA92118035900BDC5ED /* WeatherForecastUITests.swift in Sources */ = {isa = PBXBuildFile; fileRef = 8AE38DA82118035900BDC5ED /* WeatherForecastUITests.swift */; };
/* End PBXBuildFile section */

/* Begin PBXContainerItemProxy section */
		8AE38D9A2118035900BDC5ED /* PBXContainerItemProxy */ = {
			isa = PBXContainerItemProxy;
			containerPortal = 8AE38D7D2118035700BDC5ED /* Project object */;
			proxyType = 1;
			remoteGlobalIDString = 8AE38D842118035700BDC5ED;
			remoteInfo = WeatherForecast;
		};
		8AE38DA52118035900BDC5ED /* PBXContainerItemProxy */ = {
			isa = PBXContainerItemProxy;
			containerPortal = 8AE38D7D2118035700BDC5ED /* Project object */;
			proxyType = 1;
			remoteGlobalIDString = 8AE38D842118035700BDC5ED;
			remoteInfo = WeatherForecast;
		};
/* End PBXContainerItemProxy section */

/* Begin PBXFileReference section */
		8AE38D852118035700BDC5ED /* WeatherForecast.app */ = {isa = PBXFileReference; explicitFileType = wrapper.application; includeInIndex = 0; path = WeatherForecast.app; sourceTree = BUILT_PRODUCTS_DIR; };
		8AE38D882118035700BDC5ED /* AppDelegate.swift */ = {isa = PBXFileReference; lastKnownFileType = sourcecode.swift; path = AppDelegate.swift; sourceTree = "<group>"; };
		8AE38D8A2118035700BDC5ED /* ViewController.swift */ = {isa = PBXFileReference; lastKnownFileType = sourcecode.swift; path = ViewController.swift; sourceTree = "<group>"; };
		8AE38D8D2118035700BDC5ED /* Base */ = {isa = PBXFileReference; lastKnownFileType = file.storyboard; name = Base; path = Base.lproj/Main.storyboard; sourceTree = "<group>"; };
		8AE38D8F2118035800BDC5ED /* Assets.xcassets */ = {isa = PBXFileReference; lastKnownFileType = folder.assetcatalog; path = Assets.xcassets; sourceTree = "<group>"; };
		8AE38D922118035800BDC5ED /* Base */ = {isa = PBXFileReference; lastKnownFileType = file.storyboard; name = Base; path = Base.lproj/LaunchScreen.storyboard; sourceTree = "<group>"; };
		8AE38D942118035800BDC5ED /* Info.plist */ = {isa = PBXFileReference; lastKnownFileType = text.plist.xml; path = Info.plist; sourceTree = "<group>"; };
		8AE38D992118035900BDC5ED /* WeatherForecastTests.xctest */ = {isa = PBXFileReference; explicitFileType = wrapper.cfbundle; includeInIndex = 0; path = WeatherForecastTests.xctest; sourceTree = BUILT_PRODUCTS_DIR; };
		8AE38D9D2118035900BDC5ED /* WeatherForecastTests.swift */ = {isa = PBXFileReference; lastKnownFileType = sourcecode.swift; path = WeatherForecastTests.swift; sourceTree = "<group>"; };
		8AE38D9F2118035900BDC5ED /* Info.plist */ = {isa = PBXFileReference; lastKnownFileType = text.plist.xml; path = Info.plist; sourceTree = "<group>"; };
		8AE38DA42118035900BDC5ED /* WeatherForecastUITests.xctest */ = {isa = PBXFileReference; explicitFileType = wrapper.cfbundle; includeInIndex = 0; path = WeatherForecastUITests.xctest; sourceTree = BUILT_PRODUCTS_DIR; };
		8AE38DA82118035900BDC5ED /* WeatherForecastUITests.swift */ = {isa = PBXFileReference; lastKnownFileType = sourcecode.swift; path = WeatherForecastUITests.swift; sourceTree = "<group>"; };
		8AE38DAA2118035900BDC5ED /* Info.plist */ = {isa = PBXFileReference; lastKnownFileType = text.plist.xml; path = Info.plist; sourceTree = "<group>"; };
/* End PBXFileReference section */

/* Begin PBXFrameworksBuildPhase section */
		8AE38D822118035700BDC5ED /* Frameworks */ = {
			isa = PBXFrameworksBuildPhase;
			buildActionMask = 2147483647;
			files = (
			);
			runOnlyForDeploymentPostprocessing = 0;
		};
		8AE38D962118035900BDC5ED /* Frameworks */ = {
			isa = PBXFrameworksBuildPhase;
			buildActionMask = 2147483647;
			files = (
			);
			runOnlyForDeploymentPostprocessing = 0;
		};
		8AE38DA12118035900BDC5ED /* Frameworks */ = {
			isa = PBXFrameworksBuildPhase;
			buildActionMask = 2147483647;
			files = (
			);
			runOnlyForDeploymentPostprocessing = 0;
		};
/* End PBXFrameworksBuildPhase section */

/* Begin PBXGroup section */
		8AE38D7C2118035700BDC5ED = {
			isa = PBXGroup;
			children = (
				8AE38D872118035700BDC5ED /* WeatherForecast */,
				8AE38D9C2118035900BDC5ED /* WeatherForecastTests */,
				8AE38DA72118035900BDC5ED /* WeatherForecastUITests */,
				8AE38D862118035700BDC5ED /* Products */,
			);
			sourceTree = "<group>";
		};
		8AE38D862118035700BDC5ED /* Products */ = {
			isa = PBXGroup;
			children = (
				8AE38D852118035700BDC5ED /* WeatherForecast.app */,
				8AE38D992118035900BDC5ED /* WeatherForecastTests.xctest */,
				8AE38DA42118035900BDC5ED /* WeatherForecastUITests.xctest */,
			);
			name = Products;
			sourceTree = "<group>";
		};
		8AE38D872118035700BDC5ED /* WeatherForecast */ = {
			isa = PBXGroup;
			children = (
				8AE38D882118035700BDC5ED /* AppDelegate.swift */,
				8AE38D8A2118035700BDC5ED /* ViewController.swift */,
				8AE38D8C2118035700BDC5ED /* Main.storyboard */,
				8AE38D8F2118035800BDC5ED /* Assets.xcassets */,
				8AE38D912118035800BDC5ED /* LaunchScreen.storyboard */,
				8AE38D942118035800BDC5ED /* Info.plist */,
			);
			path = WeatherForecast;
			sourceTree = "<group>";
		};
		8AE38D9C2118035900BDC5ED /* WeatherForecastTests */ = {
			isa = PBXGroup;
			children = (
				8AE38D9D2118035900BDC5ED /* WeatherForecastTests.swift */,
				8AE38D9F2118035900BDC5ED /* Info.plist */,
			);
			path = WeatherForecastTests;
			sourceTree = "<group>";
		};
		8AE38DA72118035900BDC5ED /* WeatherForecastUITests */ = {
			isa = PBXGroup;
			children = (
				8AE38DA82118035900BDC5ED /* WeatherForecastUITests.swift */,
				8AE38DAA2118035900BDC5ED /* Info.plist */,
			);
			path = WeatherForecastUITests;
			sourceTree = "<group>";
		};
/* End PBXGroup section */

/* Begin PBXNativeTarget section */
		8AE38D842118035700BDC5ED /* WeatherForecast */ = {
			isa = PBXNativeTarget;
			buildConfigurationList = 8AE38DAD2118035900BDC5ED /* Build configuration list for PBXNativeTarget "WeatherForecast" */;
			buildPhases = (
				8AE38D812118035700BDC5ED /* Sources */,
				8AE38D822118035700BDC5ED /* Frameworks */,
				8AE38D832118035700BDC5ED /* Resources */,
			);
			buildRules = (
			);
			dependencies = (
			);
			name = WeatherForecast;
			productName = WeatherForecast;
			productReference = 8AE38D852118035700BDC5ED /* WeatherForecast.app */;
			productType = "com.apple.product-type.application";
		};
		8AE38D982118035900BDC5ED /* WeatherForecastTests */ = {
			isa = PBXNativeTarget;
			buildConfigurationList = 8AE38DB02118035900BDC5ED /* Build configuration list for PBXNativeTarget "WeatherForecastTests" */;
			buildPhases = (
				8AE38D952118035900BDC5ED /* Sources */,
				8AE38D962118035900BDC5ED /* Frameworks */,
				8AE38D972118035900BDC5ED /* Resources */,
			);
			buildRules = (
			);
			dependencies = (
				8AE38D9B2118035900BDC5ED /* PBXTargetDependency */,
			);
			name = WeatherForecastTests;
			productName = WeatherForecastTests;
			productReference = 8AE38D992118035900BDC5ED /* WeatherForecastTests.xctest */;
			productType = "com.apple.product-type.bundle.unit-test";
		};
		8AE38DA32118035900BDC5ED /* WeatherForecastUITests */ = {
			isa = PBXNativeTarget;
			buildConfigurationList = 8AE38DB32118035900BDC5ED /* Build configuration list for PBXNativeTarget "WeatherForecastUITests" */;
			buildPhases = (
				8AE38DA02118035900BDC5ED /* Sources */,
				8AE38DA12118035900BDC5ED /* Frameworks */,
				8AE38DA22118035900BDC5ED /* Resources */,
			);
			buildRules = (
			);
			dependencies = (
				8AE38DA62118035900BDC5ED /* PBXTargetDependency */,
			);
			name = WeatherForecastUITests;
			productName = WeatherForecastUITests;
			productReference = 8AE38DA42118035900BDC5ED /* WeatherForecastUITests.xctest */;
			productType = "com.apple.product-type.bundle.ui-testing";
		};
/* End PBXNativeTarget section */

/* Begin PBXProject section */
		8AE38D7D2118035700BDC5ED /* Project object */ = {
			isa = PBXProject;
			attributes = {
				LastSwiftUpdateCheck = 0940;
				LastUpgradeCheck = 0940;
				ORGANIZATIONNAME = ItsaraChai;
				TargetAttributes = {
					8AE38D842118035700BDC5ED = {
						CreatedOnToolsVersion = 9.4;
					};
					8AE38D982118035900BDC5ED = {
						CreatedOnToolsVersion = 9.4;
						TestTargetID = 8AE38D842118035700BDC5ED;
					};
					8AE38DA32118035900BDC5ED = {
						CreatedOnToolsVersion = 9.4;
						TestTargetID = 8AE38D842118035700BDC5ED;
					};
				};
			};
			buildConfigurationList = 8AE38D802118035700BDC5ED /* Build configuration list for PBXProject "WeatherForecast" */;
			compatibilityVersion = "Xcode 9.3";
			developmentRegion = en;
			hasScannedForEncodings = 0;
			knownRegions = (
				en,
				Base,
			);
			mainGroup = 8AE38D7C2118035700BDC5ED;
			productRefGroup = 8AE38D862118035700BDC5ED /* Products */;
			projectDirPath = "";
			projectRoot = "";
			targets = (
				8AE38D842118035700BDC5ED /* WeatherForecast */,
				8AE38D982118035900BDC5ED /* WeatherForecastTests */,
				8AE38DA32118035900BDC5ED /* WeatherForecastUITests */,
			);
		};
/* End PBXProject section */

/* Begin PBXResourcesBuildPhase section */
		8AE38D832118035700BDC5ED /* Resources */ = {
			isa = PBXResourcesBuildPhase;
			buildActionMask = 2147483647;
			files = (
				8AE38D932118035800BDC5ED /* LaunchScreen.storyboard in Resources */,
				8AE38D902118035800BDC5ED /* Assets.xcassets in Resources */,
				8AE38D8E2118035700BDC5ED /* Main.storyboard in Resources */,
			);
			runOnlyForDeploymentPostprocessing = 0;
		};
		8AE38D972118035900BDC5ED /* Resources */ = {
			isa = PBXResourcesBuildPhase;
			buildActionMask = 2147483647;
			files = (
			);
			runOnlyForDeploymentPostprocessing = 0;
		};
		8AE38DA22118035900BDC5ED /* Resources */ = {
			isa = PBXResourcesBuildPhase;
			buildActionMask = 2147483647;
			files = (
			);
			runOnlyForDeploymentPostprocessing = 0;
		};
/* End PBXResourcesBuildPhase section */

/* Begin PBXSourcesBuildPhase section */
		8AE38D812118035700BDC5ED /* Sources */ = {
			isa = PBXSourcesBuildPhase;
			buildActionMask = 2147483647;
			files = (
				8AE38D8B2118035700BDC5ED /* ViewController.swift in Sources */,
				8AE38D892118035700BDC5ED /* AppDelegate.swift in Sources */,
			);
			runOnlyForDeploymentPostprocessing = 0;
		};
		8AE38D952118035900BDC5ED /* Sources */ = {
			isa = PBXSourcesBuildPhase;
			buildActionMask = 2147483647;
			files = (
				8AE38D9E2118035900BDC5ED /* WeatherForecastTests.swift in Sources */,
			);
			runOnlyForDeploymentPostprocessing = 0;
		};
		8AE38DA02118035900BDC5ED /* Sources */ = {
			isa = PBXSourcesBuildPhase;
			buildActionMask = 2147483647;
			files = (
				8AE38DA92118035900BDC5ED /* WeatherForecastUITests.swift in Sources */,
			);
			runOnlyForDeploymentPostprocessing = 0;
		};
/* End PBXSourcesBuildPhase section */

/* Begin PBXTargetDependency section */
		8AE38D9B2118035900BDC5ED /* PBXTargetDependency */ = {
			isa = PBXTargetDependency;
			target = 8AE38D842118035700BDC5ED /* WeatherForecast */;
			targetProxy = 8AE38D9A2118035900BDC5ED /* PBXContainerItemProxy */;
		};
		8AE38DA62118035900BDC5ED /* PBXTargetDependency */ = {
			isa = PBXTargetDependency;
			target = 8AE38D842118035700BDC5ED /* WeatherForecast */;
			targetProxy = 8AE38DA52118035900BDC5ED /* PBXContainerItemProxy */;
		};
/* End PBXTargetDependency section */

/* Begin PBXVariantGroup section */
		8AE38D8C2118035700BDC5ED /* Main.storyboard */ = {
			isa = PBXVariantGroup;
			children = (
				8AE38D8D2118035700BDC5ED /* Base */,
			);
			name = Main.storyboard;
			sourceTree = "<group>";
		};
		8AE38D912118035800BDC5ED /* LaunchScreen.storyboard */ = {
			isa = PBXVariantGroup;
			children = (
				8AE38D922118035800BDC5ED /* Base */,
			);
			name = LaunchScreen.storyboard;
			sourceTree = "<group>";
		};
/* End PBXVariantGroup section */

/* Begin XCBuildConfiguration section */
		8AE38DAB2118035900BDC5ED /* Debug */ = {
			isa = XCBuildConfiguration;
			buildSettings = {
				ALWAYS_SEARCH_USER_PATHS = NO;
				CLANG_ANALYZER_NONNULL = YES;
				CLANG_ANALYZER_NUMBER_OBJECT_CONVERSION = YES_AGGRESSIVE;
				CLANG_CXX_LANGUAGE_STANDARD = "gnu++14";
				CLANG_CXX_LIBRARY = "libc++";
				CLANG_ENABLE_MODULES = YES;
				CLANG_ENABLE_OBJC_ARC = YES;
				CLANG_ENABLE_OBJC_WEAK = YES;
				CLANG_WARN_BLOCK_CAPTURE_AUTORELEASING = YES;
				CLANG_WARN_BOOL_CONVERSION = YES;
				CLANG_WARN_COMMA = YES;
				CLANG_WARN_CONSTANT_CONVERSION = YES;
				CLANG_WARN_DEPRECATED_OBJC_IMPLEMENTATIONS = YES;
				CLANG_WARN_DIRECT_OBJC_ISA_USAGE = YES_ERROR;
				CLANG_WARN_DOCUMENTATION_COMMENTS = YES;
				CLANG_WARN_EMPTY_BODY = YES;
				CLANG_WARN_ENUM_CONVERSION = YES;
				CLANG_WARN_INFINITE_RECURSION = YES;
				CLANG_WARN_INT_CONVERSION = YES;
				CLANG_WARN_NON_LITERAL_NULL_CONVERSION = YES;
				CLANG_WARN_OBJC_IMPLICIT_RETAIN_SELF = YES;
				CLANG_WARN_OBJC_LITERAL_CONVERSION = YES;
				CLANG_WARN_OBJC_ROOT_CLASS = YES_ERROR;
				CLANG_WARN_RANGE_LOOP_ANALYSIS = YES;
				CLANG_WARN_STRICT_PROTOTYPES = YES;
				CLANG_WARN_SUSPICIOUS_MOVE = YES;
				CLANG_WARN_UNGUARDED_AVAILABILITY = YES_AGGRESSIVE;
				CLANG_WARN_UNREACHABLE_CODE = YES;
				CLANG_WARN__DUPLICATE_METHOD_MATCH = YES;
				CODE_SIGN_IDENTITY = "iPhone Developer";
				COPY_PHASE_STRIP = NO;
				DEBUG_INFORMATION_FORMAT = dwarf;
				ENABLE_STRICT_OBJC_MSGSEND = YES;
				ENABLE_TESTABILITY = YES;
				GCC_C_LANGUAGE_STANDARD = gnu11;
				GCC_DYNAMIC_NO_PIC = NO;
				GCC_NO_COMMON_BLOCKS = YES;
				GCC_OPTIMIZATION_LEVEL = 0;
				GCC_PREPROCESSOR_DEFINITIONS = (
					"DEBUG=1",
					"$(inherited)",
				);
				GCC_WARN_64_TO_32_BIT_CONVERSION = YES;
				GCC_WARN_ABOUT_RETURN_TYPE = YES_ERROR;
				GCC_WARN_UNDECLARED_SELECTOR = YES;
				GCC_WARN_UNINITIALIZED_AUTOS = YES_AGGRESSIVE;
				GCC_WARN_UNUSED_FUNCTION = YES;
				GCC_WARN_UNUSED_VARIABLE = YES;
				IPHONEOS_DEPLOYMENT_TARGET = 11.4;
				MTL_ENABLE_DEBUG_INFO = YES;
				ONLY_ACTIVE_ARCH = YES;
				SDKROOT = iphoneos;
				SWIFT_ACTIVE_COMPILATION_CONDITIONS = DEBUG;
				SWIFT_OPTIMIZATION_LEVEL = "-Onone";
			};
			name = Debug;
		};
		8AE38DAC2118035900BDC5ED /* Release */ = {
			isa = XCBuildConfiguration;
			buildSettings = {
				ALWAYS_SEARCH_USER_PATHS = NO;
				CLANG_ANALYZER_NONNULL = YES;
				CLANG_ANALYZER_NUMBER_OBJECT_CONVERSION = YES_AGGRESSIVE;
				CLANG_CXX_LANGUAGE_STANDARD = "gnu++14";
				CLANG_CXX_LIBRARY = "libc++";
				CLANG_ENABLE_MODULES = YES;
				CLANG_ENABLE_OBJC_ARC = YES;
				CLANG_ENABLE_OBJC_WEAK = YES;
				CLANG_WARN_BLOCK_CAPTURE_AUTORELEASING = YES;
				CLANG_WARN_BOOL_CONVERSION = YES;
				CLANG_WARN_COMMA = YES;
				CLANG_WARN_CONSTANT_CONVERSION = YES;
				CLANG_WARN_DEPRECATED_OBJC_IMPLEMENTATIONS = YES;
				CLANG_WARN_DIRECT_OBJC_ISA_USAGE = YES_ERROR;
				CLANG_WARN_DOCUMENTATION_COMMENTS = YES;
				CLANG_WARN_EMPTY_BODY = YES;
				CLANG_WARN_ENUM_CONVERSION = YES;
				CLANG_WARN_INFINITE_RECURSION = YES;
				CLANG_WARN_INT_CONVERSION = YES;
				CLANG_WARN_NON_LITERAL_NULL_CONVERSION = YES;
				CLANG_WARN_OBJC_IMPLICIT_RETAIN_SELF = YES;
				CLANG_WARN_OBJC_LITERAL_CONVERSION = YES;
				CLANG_WARN_OBJC_ROOT_CLASS = YES_ERROR;
				CLANG_WARN_RANGE_LOOP_ANALYSIS = YES;
				CLANG_WARN_STRICT_PROTOTYPES = YES;
				CLANG_WARN_SUSPICIOUS_MOVE = YES;
				CLANG_WARN_UNGUARDED_AVAILABILITY = YES_AGGRESSIVE;
				CLANG_WARN_UNREACHABLE_CODE = YES;
				CLANG_WARN__DUPLICATE_METHOD_MATCH = YES;
				CODE_SIGN_IDENTITY = "iPhone Developer";
				COPY_PHASE_STRIP = NO;
				DEBUG_INFORMATION_FORMAT = "dwarf-with-dsym";
				ENABLE_NS_ASSERTIONS = NO;
				ENABLE_STRICT_OBJC_MSGSEND = YES;
				GCC_C_LANGUAGE_STANDARD = gnu11;
				GCC_NO_COMMON_BLOCKS = YES;
				GCC_WARN_64_TO_32_BIT_CONVERSION = YES;
				GCC_WARN_ABOUT_RETURN_TYPE = YES_ERROR;
				GCC_WARN_UNDECLARED_SELECTOR = YES;
				GCC_WARN_UNINITIALIZED_AUTOS = YES_AGGRESSIVE;
				GCC_WARN_UNUSED_FUNCTION = YES;
				GCC_WARN_UNUSED_VARIABLE = YES;
				IPHONEOS_DEPLOYMENT_TARGET = 11.4;
				MTL_ENABLE_DEBUG_INFO = NO;
				SDKROOT = iphoneos;
				SWIFT_COMPILATION_MODE = wholemodule;
				SWIFT_OPTIMIZATION_LEVEL = "-O";
				VALIDATE_PRODUCT = YES;
			};
			name = Release;
		};
		8AE38DAE2118035900BDC5ED /* Debug */ = {
			isa = XCBuildConfiguration;
			buildSettings = {
				ASSETCATALOG_COMPILER_APPICON_NAME = AppIcon;
				CODE_SIGN_STYLE = Automatic;
				DEVELOPMENT_TEAM = 88V649UY3R;
				INFOPLIST_FILE = WeatherForecast/Info.plist;
				LD_RUNPATH_SEARCH_PATHS = (
					"$(inherited)",
					"@executable_path/Frameworks",
				);
				PRODUCT_BUNDLE_IDENTIFIER = com.cyn.WeatherForecast;
				PRODUCT_NAME = "$(TARGET_NAME)";
				SWIFT_VERSION = 4.0;
				TARGETED_DEVICE_FAMILY = "1,2";
			};
			name = Debug;
		};
		8AE38DAF2118035900BDC5ED /* Release */ = {
			isa = XCBuildConfiguration;
			buildSettings = {
				ASSETCATALOG_COMPILER_APPICON_NAME = AppIcon;
				CODE_SIGN_STYLE = Automatic;
				DEVELOPMENT_TEAM = 88V649UY3R;
				INFOPLIST_FILE = WeatherForecast/Info.plist;
				LD_RUNPATH_SEARCH_PATHS = (
					"$(inherited)",
					"@executable_path/Frameworks",
				);
				PRODUCT_BUNDLE_IDENTIFIER = com.cyn.WeatherForecast;
				PRODUCT_NAME = "$(TARGET_NAME)";
				SWIFT_VERSION = 4.0;
				TARGETED_DEVICE_FAMILY = "1,2";
			};
			name = Release;
		};
		8AE38DB12118035900BDC5ED /* Debug */ = {
			isa = XCBuildConfiguration;
			buildSettings = {
				ALWAYS_EMBED_SWIFT_STANDARD_LIBRARIES = YES;
				BUNDLE_LOADER = "$(TEST_HOST)";
				CODE_SIGN_STYLE = Automatic;
				DEVELOPMENT_TEAM = 88V649UY3R;
				INFOPLIST_FILE = WeatherForecastTests/Info.plist;
				LD_RUNPATH_SEARCH_PATHS = (
					"$(inherited)",
					"@executable_path/Frameworks",
					"@loader_path/Frameworks",
				);
				PRODUCT_BUNDLE_IDENTIFIER = com.cyn.WeatherForecastTests;
				PRODUCT_NAME = "$(TARGET_NAME)";
				SWIFT_VERSION = 4.0;
				TARGETED_DEVICE_FAMILY = "1,2";
				TEST_HOST = "$(BUILT_PRODUCTS_DIR)/WeatherForecast.app/WeatherForecast";
			};
			name = Debug;
		};
		8AE38DB22118035900BDC5ED /* Release */ = {
			isa = XCBuildConfiguration;
			buildSettings = {
				ALWAYS_EMBED_SWIFT_STANDARD_LIBRARIES = YES;
				BUNDLE_LOADER = "$(TEST_HOST)";
				CODE_SIGN_STYLE = Automatic;
				DEVELOPMENT_TEAM = 88V649UY3R;
				INFOPLIST_FILE = WeatherForecastTests/Info.plist;
				LD_RUNPATH_SEARCH_PATHS = (
					"$(inherited)",
					"@executable_path/Frameworks",
					"@loader_path/Frameworks",
				);
				PRODUCT_BUNDLE_IDENTIFIER = com.cyn.WeatherForecastTests;
				PRODUCT_NAME = "$(TARGET_NAME)";
				SWIFT_VERSION = 4.0;
				TARGETED_DEVICE_FAMILY = "1,2";
				TEST_HOST = "$(BUILT_PRODUCTS_DIR)/WeatherForecast.app/WeatherForecast";
			};
			name = Release;
		};
		8AE38DB42118035900BDC5ED /* Debug */ = {
			isa = XCBuildConfiguration;
			buildSettings = {
				ALWAYS_EMBED_SWIFT_STANDARD_LIBRARIES = YES;
				CODE_SIGN_STYLE = Automatic;
				DEVELOPMENT_TEAM = 88V649UY3R;
				INFOPLIST_FILE = WeatherForecastUITests/Info.plist;
				LD_RUNPATH_SEARCH_PATHS = (
					"$(inherited)",
					"@executable_path/Frameworks",
					"@loader_path/Frameworks",
				);
				PRODUCT_BUNDLE_IDENTIFIER = com.cyn.WeatherForecastUITests;
				PRODUCT_NAME = "$(TARGET_NAME)";
				SWIFT_VERSION = 4.0;
				TARGETED_DEVICE_FAMILY = "1,2";
				TEST_TARGET_NAME = WeatherForecast;
			};
			name = Debug;
		};
		8AE38DB52118035900BDC5ED /* Release */ = {
			isa = XCBuildConfiguration;
			buildSettings = {
				ALWAYS_EMBED_SWIFT_STANDARD_LIBRARIES = YES;
				CODE_SIGN_STYLE = Automatic;
				DEVELOPMENT_TEAM = 88V649UY3R;
				INFOPLIST_FILE = WeatherForecastUITests/Info.plist;
				LD_RUNPATH_SEARCH_PATHS = (
					"$(inherited)",
					"@executable_path/Frameworks",
					"@loader_path/Frameworks",
				);
				PRODUCT_BUNDLE_IDENTIFIER = com.cyn.WeatherForecastUITests;
				PRODUCT_NAME = "$(TARGET_NAME)";
				SWIFT_VERSION = 4.0;
				TARGETED_DEVICE_FAMILY = "1,2";
				TEST_TARGET_NAME = WeatherForecast;
			};
			name = Release;
		};
/* End XCBuildConfiguration section */

/* Begin XCConfigurationList section */
		8AE38D802118035700BDC5ED /* Build configuration list for PBXProject "WeatherForecast" */ = {
			isa = XCConfigurationList;
			buildConfigurations = (
				8AE38DAB2118035900BDC5ED /* Debug */,
				8AE38DAC2118035900BDC5ED /* Release */,
			);
			defaultConfigurationIsVisible = 0;
			defaultConfigurationName = Release;
		};
		8AE38DAD2118035900BDC5ED /* Build configuration list for PBXNativeTarget "WeatherForecast" */ = {
			isa = XCConfigurationList;
			buildConfigurations = (
				8AE38DAE2118035900BDC5ED /* Debug */,
				8AE38DAF2118035900BDC5ED /* Release */,
			);
			defaultConfigurationIsVisible = 0;
			defaultConfigurationName = Release;
		};
		8AE38DB02118035900BDC5ED /* Build configuration list for PBXNativeTarget "WeatherForecastTests" */ = {
			isa = XCConfigurationList;
			buildConfigurations = (
				8AE38DB12118035900BDC5ED /* Debug */,
				8AE38DB22118035900BDC5ED /* Release */,
			);
			defaultConfigurationIsVisible = 0;
			defaultConfigurationName = Release;
		};
		8AE38DB32118035900BDC5ED /* Build configuration list for PBXNativeTarget "WeatherForecastUITests" */ = {
			isa = XCConfigurationList;
			buildConfigurations = (
				8AE38DB42118035900BDC5ED /* Debug */,
				8AE38DB52118035900BDC5ED /* Release */,
			);
			defaultConfigurationIsVisible = 0;
			defaultConfigurationName = Release;
		};
/* End XCConfigurationList section */
	};
	rootObject = 8AE38D7D2118035700BDC5ED /* Project object */;
}
